
Microsoft Visual Studio Solution File, Format Version 12.00
# Visual Studio 15
VisualStudioVersion = 15.0.27703.2042
MinimumVisualStudioVersion = 10.0.40219.1
Project("{FAE04EC0-301F-11D3-BF4B-00C04F79EFBC}") = "tipos-variaveis", "tipos-variaveis\tipos-variaveis.csproj", "{43884C25-7520-4B58-9039-494D53B20085}"
EndProject
Global
	GlobalSection(SolutionConfigurationPlatforms) = preSolution
		Debug|Any CPU = Debug|Any CPU
		Release|Any CPU = Release|Any CPU
	EndGlobalSection
	GlobalSection(ProjectConfigurationPlatforms) = postSolution
		{43884C25-7520-4B58-9039-494D53B20085}.Debug|Any CPU.ActiveCfg = Debug|Any CPU
		{43884C25-7520-4B58-9039-494D53B20085}.Debug|Any CPU.Build.0 = Debug|Any CPU
		{43884C25-7520-4B58-9039-494D53B20085}.Release|Any CPU.ActiveCfg = Release|Any CPU
		{43884C25-7520-4B58-9039-494D53B20085}.Release|Any CPU.Build.0 = Release|Any CPU
	EndGlobalSection
	GlobalSection(SolutionProperties) = preSolution
		HideSolutionNode = FALSE
	EndGlobalSection
	GlobalSection(ExtensibilityGlobals) = postSolution
		SolutionGuid = {46D94C52-D9EC-4B18-8EEF-55E1CA605F32}
	EndGlobalSection
EndGlobal
